
Microsoft Visual Studio Solution File, Format Version 12.00
Project("{FAE04EC0-301F-11D3-BF4B-00C04F79EFBC}") = "SharpAstrology.Vedic", "SharpAstrology.Vedic.csproj", "{84EF2B54-12F5-4825-BF06-A76C3D0D0297}"
EndProject
Global
	GlobalSection(SolutionConfigurationPlatforms) = preSolution
		Debug|Any CPU = Debug|Any CPU
		Release|Any CPU = Release|Any CPU
	EndGlobalSection
	GlobalSection(ProjectConfigurationPlatforms) = postSolution
		{84EF2B54-12F5-4825-BF06-A76C3D0D0297}.Debug|Any CPU.ActiveCfg = Debug|Any CPU
		{84EF2B54-12F5-4825-BF06-A76C3D0D0297}.Debug|Any CPU.Build.0 = Debug|Any CPU
		{84EF2B54-12F5-4825-BF06-A76C3D0D0297}.Release|Any CPU.ActiveCfg = Release|Any CPU
		{84EF2B54-12F5-4825-BF06-A76C3D0D0297}.Release|Any CPU.Build.0 = Release|Any CPU
	EndGlobalSection
EndGlobal
